{
  "nodes": {
    "base16-rofi": {
      "flake": false,
      "locked": {
        "lastModified": 1573671723,
        "narHash": "sha256-wqtfXfFdzgVTxYLEpUOmNRo7uAvvzemAbK+xSJibL7k=",
        "owner": "0xdec",
        "repo": "base16-rofi",
        "rev": "afbc4b22d8f415dc89f36ee509ac35fb161c6df4",
        "type": "github"
      },
      "original": {
        "owner": "0xdec",
        "repo": "base16-rofi",
        "type": "github"
      }
    },
    "emacs": {
      "locked": {
        "lastModified": 1626685876,
        "narHash": "sha256-1DSVhUddjYIXZNu1kntKh2uQwbuoahDgA0lKQrc0YAw=",
        "owner": "nix-community",
        "repo": "emacs-overlay",
        "rev": "5c20a170b2e025b3a6309ee8ad38eb98cd62008d",
        "type": "github"
      },
      "original": {
        "owner": "nix-community",
        "repo": "emacs-overlay",
        "type": "github"
      }
    },
    "emacs-bookmark-view": {
      "flake": false,
      "locked": {
        "lastModified": 1625173526,
        "narHash": "sha256-JHGlUcwCKsGZAX8X/CW+kS4uqKSiBkc/5D4AcRIK9CM=",
        "owner": "minad",
        "repo": "bookmark-view",
        "rev": "096eb10e8a17013c163b89d19cc1b6d4ea71bade",
        "type": "github"
      },
      "original": {
        "owner": "minad",
        "repo": "bookmark-view",
        "type": "github"
      }
    },
    "emacs-consult-lsp": {
      "flake": false,
      "locked": {
        "lastModified": 1625053905,
        "narHash": "sha256-qeaNLkIGyY72Mr/NdX4rp7I4irhVLcE2xD3k39zyc/Y=",
        "owner": "gagbo",
        "repo": "consult-lsp",
        "rev": "e8a50f2c94f40c86934ca2eaff007f9c00586272",
        "type": "github"
      },
      "original": {
        "owner": "gagbo",
        "repo": "consult-lsp",
        "type": "github"
      }
    },
    "emacs-consult-projectile": {
      "flake": false,
      "locked": {
        "lastModified": 1620294714,
        "narHash": "sha256-tRQTU7ifwi9TOqRvExyy++SBApif/aVwFf0pL/5r/sE=",
        "owner": "OlMon",
        "repo": "consult-projectile",
        "rev": "b0bc25615c3dfb2e8c68791080539e6fdf112843",
        "type": "gitlab"
      },
      "original": {
        "owner": "OlMon",
        "repo": "consult-projectile",
        "type": "gitlab"
      }
    },
    "emacs-ob-go": {
      "flake": false,
      "locked": {
        "lastModified": 1549053642,
        "narHash": "sha256-fN3dFDUl9SF6CLJ8ikYmJ3BvRwpuqX/pZiftWH1LPBk=",
        "owner": "pope",
        "repo": "ob-go",
        "rev": "2067ed55f4c1d33a43cb3f6948609d240a8915f5",
        "type": "github"
      },
      "original": {
        "owner": "pope",
        "repo": "ob-go",
        "type": "github"
      }
    },
    "emacs-org-appear": {
      "flake": false,
      "locked": {
        "lastModified": 1625824501,
        "narHash": "sha256-MUEfludPdFdlntXCni/dPEbMS8juHk2SmMLMWfgokmk=",
        "owner": "awth13",
        "repo": "org-appear",
        "rev": "148aa124901ae598f69320e3dcada6325cdc2cf0",
        "type": "github"
      },
      "original": {
        "owner": "awth13",
        "repo": "org-appear",
        "type": "github"
      }
    },
    "git-extra-commands": {
      "flake": false,
      "locked": {
        "lastModified": 1626619848,
        "narHash": "sha256-SaBByejBqtHhMUqNy9LBSpa7VwTf0pUX6A5ZLoePqGA=",
        "owner": "unixorn",
        "repo": "git-extra-commands",
        "rev": "cbc2306ff850ce629fcadd40e8ab2a8dfb3b5b83",
        "type": "github"
      },
      "original": {
        "owner": "unixorn",
        "repo": "git-extra-commands",
        "type": "github"
      }
    },
    "home-manager": {
      "inputs": {
        "nixpkgs": "nixpkgs"
      },
      "locked": {
        "lastModified": 1626645263,
        "narHash": "sha256-rg93wVhy505wofd7jzf+jLNhebXxNJ1dB5PuewSgsr8=",
        "owner": "nix-community",
        "repo": "home-manager",
        "rev": "2b75633b2c470e1249d46fe5d9ee848e3f7ab4e7",
        "type": "github"
      },
      "original": {
        "owner": "nix-community",
        "repo": "home-manager",
        "type": "github"
      }
    },
    "i3blocks-contrib": {
      "flake": false,
      "locked": {
        "lastModified": 1624310977,
        "narHash": "sha256-w+W+yMvACCdIUCyKzU3mohcYfMcHqxbXVOst03r68bA=",
        "owner": "vivien",
        "repo": "i3blocks-contrib",
        "rev": "7f601f8262f8d1e4dc8a9a86b6a7ee35ea7dfcf6",
        "type": "github"
      },
      "original": {
        "owner": "vivien",
        "repo": "i3blocks-contrib",
        "type": "github"
      }
    },
    "liquidprompt": {
      "flake": false,
      "locked": {
        "lastModified": 1625595413,
        "narHash": "sha256-JMQVwhjvfpsRU5x6r1P+yqwu8xpVYXrs4jbLXj1rZZY=",
        "owner": "nojhan",
        "repo": "liquidprompt",
        "rev": "4ce49d1f2221474c14e2554eb23e505bd818fcca",
        "type": "github"
      },
      "original": {
        "owner": "nojhan",
        "repo": "liquidprompt",
        "type": "github"
      }
    },
    "nixos-artwork": {
      "flake": false,
      "locked": {
        "lastModified": 1625550613,
        "narHash": "sha256-pQpc48SCLfhcZ5End1fwBw2FbQ74VPwsRwcawQXb5qQ=",
        "owner": "NixOS",
        "repo": "nixos-artwork",
        "rev": "9bd73014f75c2ce97d104c78314d78eb2493e24d",
        "type": "github"
      },
      "original": {
        "owner": "NixOS",
        "repo": "nixos-artwork",
        "type": "github"
      }
    },
    "nixos-hardware": {
      "locked": {
        "lastModified": 1625333638,
        "narHash": "sha256-M6J9RN60XJyv6nUfDFCwnz5aVjhe8+GJnV8Q9VpdQQQ=",
        "owner": "NixOS",
        "repo": "nixos-hardware",
        "rev": "41775780a0b6b32b3d32dcc32bb9bc6df809062d",
        "type": "github"
      },
      "original": {
        "owner": "NixOS",
        "repo": "nixos-hardware",
        "type": "github"
      }
    },
    "nixpkgs": {
      "locked": {
        "lastModified": 1626688904,
        "narHash": "sha256-vlV9lwPsTVYPyQi6DGHPwLbvpj8lcaomCpEiCwjbBBk=",
        "owner": "NixOS",
        "repo": "nixpkgs",
        "rev": "55d50f19bffde046cd74acb7d6d4bf3a9349edc3",
        "type": "github"
      },
      "original": {
        "id": "nixpkgs",
        "type": "indirect"
      }
    },
    "nur": {
      "locked": {
        "lastModified": 1625838990,
        "narHash": "sha256-+VATioj9cbO02B3D1aItbiZxK/X8jvvx3KfSC9eXts4=",
        "owner": "wiedzmin",
        "repo": "NUR",
        "rev": "a2ea2492fbba5edc999c1ab67f4c8c0f52f74d45",
        "type": "github"
      },
      "original": {
        "owner": "wiedzmin",
        "repo": "NUR",
        "type": "github"
      }
    },
    "pass-zsh-completion": {
      "flake": false,
      "locked": {
        "lastModified": 1504488473,
        "narHash": "sha256-KfZJ9XxZ8cBePcJPOAPQZ+f5kVUgLExDw/5QSduDA/0=",
        "owner": "ninrod",
        "repo": "pass-zsh-completion",
        "rev": "e4d8d2c27d8999307e8f34bf81b2e15df4b76177",
        "type": "github"
      },
      "original": {
        "owner": "ninrod",
        "repo": "pass-zsh-completion",
        "type": "github"
      }
    },
    "root": {
      "inputs": {
        "base16-rofi": "base16-rofi",
        "emacs": "emacs",
        "emacs-bookmark-view": "emacs-bookmark-view",
        "emacs-consult-lsp": "emacs-consult-lsp",
        "emacs-consult-projectile": "emacs-consult-projectile",
        "emacs-ob-go": "emacs-ob-go",
        "emacs-org-appear": "emacs-org-appear",
        "git-extra-commands": "git-extra-commands",
        "home-manager": "home-manager",
        "i3blocks-contrib": "i3blocks-contrib",
        "liquidprompt": "liquidprompt",
        "nixos-artwork": "nixos-artwork",
        "nixos-hardware": "nixos-hardware",
        "nur": "nur",
        "pass-zsh-completion": "pass-zsh-completion",
        "stable": "stable",
        "unstable": "unstable",
        "yasnippet-snippets": "yasnippet-snippets",
        "zsh-async": "zsh-async",
        "zsh-command-time": "zsh-command-time",
        "zsh-fuzzy-search-and-edit": "zsh-fuzzy-search-and-edit",
        "zsh-go-task-completions": "zsh-go-task-completions",
        "zsh-nix-shell": "zsh-nix-shell",
        "zsh-notify": "zsh-notify",
        "zsh-reentry-hook": "zsh-reentry-hook",
        "zsh-syntax-highlighting": "zsh-syntax-highlighting",
        "zsh-you-should-use": "zsh-you-should-use"
      }
    },
    "stable": {
      "locked": {
        "lastModified": 1620055814,
        "narHash": "sha256-8LEHoYSJiL901bTMVatq+rf8y7QtWuZhwwpKE2fyaRY=",
        "owner": "NixOS",
        "repo": "nixpkgs",
        "rev": "1db42b7fe3878f3f5f7a4f2dc210772fd080e205",
        "type": "github"
      },
      "original": {
        "owner": "NixOS",
        "ref": "nixos-20.03",
        "repo": "nixpkgs",
        "type": "github"
      }
    },
    "unstable": {
      "locked": {
        "lastModified": 1626556499,
        "narHash": "sha256-c2ueMT7fi/yvCNq3nGLEC2v5GklS7eHpB1240LRSW9Y=",
        "owner": "nixos",
        "repo": "nixpkgs",
        "rev": "b59c06dc92f8d03660eb4155754d93a6c34cda83",
        "type": "github"
      },
      "original": {
        "owner": "nixos",
        "ref": "nixos-unstable",
        "repo": "nixpkgs",
        "type": "github"
      }
    },
    "yasnippet-snippets": {
      "flake": false,
      "locked": {
        "lastModified": 1626691000,
        "narHash": "sha256-rsSA+Uc8AozZ8Iw0ggZwXx6fU1/J10EknIS62t5zd1s=",
        "owner": "wiedzmin",
        "repo": "yasnippet-snippets",
        "rev": "2473876ed545477cae867a00c509886365088b64",
        "type": "github"
      },
      "original": {
        "owner": "wiedzmin",
        "repo": "yasnippet-snippets",
        "type": "github"
      }
    },
    "zsh-async": {
      "flake": false,
      "locked": {
        "lastModified": 1614790055,
        "narHash": "sha256-7DFAu0Ts3tFb2LRipvT7JcBtjyIC/+Rd1FGokID5284=",
        "owner": "mafredri",
        "repo": "zsh-async",
        "rev": "a61239dd55028eec173374883809f439c93d292b",
        "type": "github"
      },
      "original": {
        "owner": "mafredri",
        "repo": "zsh-async",
        "type": "github"
      }
    },
    "zsh-command-time": {
      "flake": false,
      "locked": {
        "lastModified": 1605448670,
        "narHash": "sha256-ndHVFcz+XmUW0zwFq7pBXygdRKyPLjDZNmTelhd5bv8=",
        "owner": "popstas",
        "repo": "zsh-command-time",
        "rev": "803d26eef526bff1494d1a584e46a6e08d25d918",
        "type": "github"
      },
      "original": {
        "owner": "popstas",
        "repo": "zsh-command-time",
        "type": "github"
      }
    },
    "zsh-fuzzy-search-and-edit": {
      "flake": false,
      "locked": {
        "lastModified": 1576844428,
        "narHash": "sha256-4inWHmr2t3140fJjA69sjD4QmHR8RjLUzWPRD2EstAA=",
        "owner": "seletskiy",
        "repo": "zsh-fuzzy-search-and-edit",
        "rev": "bd4182bd81b176fedd8fa13c62e2c6662390e025",
        "type": "github"
      },
      "original": {
        "owner": "seletskiy",
        "repo": "zsh-fuzzy-search-and-edit",
        "type": "github"
      }
    },
    "zsh-go-task-completions": {
      "flake": false,
      "locked": {
        "lastModified": 1602330432,
        "narHash": "sha256-9qHaIkaa6tDzkTcbJQOkt6D5sPenb2qen151XxWkXtk=",
        "owner": "sawadashota",
        "repo": "go-task-completions",
        "rev": "1316c50399011d22ca0f01de1ea9121fcf287309",
        "type": "github"
      },
      "original": {
        "owner": "sawadashota",
        "repo": "go-task-completions",
        "type": "github"
      }
    },
    "zsh-nix-shell": {
      "flake": false,
      "locked": {
        "lastModified": 1619787649,
        "narHash": "sha256-cml+xyVPGTKh9gG+XRroouLc1AGWfWsBpzjtZMj4MDw=",
        "owner": "chisui",
        "repo": "zsh-nix-shell",
        "rev": "a2139b32fc1429160fc40658c9e16177c20597fc",
        "type": "github"
      },
      "original": {
        "owner": "chisui",
        "repo": "zsh-nix-shell",
        "type": "github"
      }
    },
    "zsh-notify": {
      "flake": false,
      "locked": {
        "lastModified": 1619162097,
        "narHash": "sha256-rgn+XqAKL9B0gmuqqYnMunx/2fXEXvAZE/JPYuRr4Nw=",
        "owner": "marzocchi",
        "repo": "zsh-notify",
        "rev": "eb389765cb1bd3358e88ac31939ef2edfd539825",
        "type": "github"
      },
      "original": {
        "owner": "marzocchi",
        "repo": "zsh-notify",
        "type": "github"
      }
    },
    "zsh-reentry-hook": {
      "flake": false,
      "locked": {
        "lastModified": 1459772947,
        "narHash": "sha256-KgRXUdEbhOOGOFr1T7834LWE4f4kEL6P67sAXl+w8ck=",
        "owner": "RobSis",
        "repo": "zsh-reentry-hook",
        "rev": "8587186df8f08b8a57ae7f87ab0bc7d503909031",
        "type": "github"
      },
      "original": {
        "owner": "RobSis",
        "repo": "zsh-reentry-hook",
        "type": "github"
      }
    },
    "zsh-syntax-highlighting": {
      "flake": false,
      "locked": {
        "lastModified": 1625340797,
        "narHash": "sha256-3G6c6uOqYTp2WmfmwJ5qIYsnhSLF2UZ3iyCNEpdjjzc=",
        "owner": "zsh-users",
        "repo": "zsh-syntax-highlighting",
        "rev": "dffe304567c86f06bf1be0fce200077504e79783",
        "type": "github"
      },
      "original": {
        "owner": "zsh-users",
        "repo": "zsh-syntax-highlighting",
        "type": "github"
      }
    },
    "zsh-you-should-use": {
      "flake": false,
      "locked": {
        "lastModified": 1594759444,
        "narHash": "sha256-WCltJcamURZymBegL+wNjRBzZWy1OblWY6CcKU0rAS8=",
        "owner": "MichaelAquilina",
        "repo": "zsh-you-should-use",
        "rev": "b4aec740f23d195116d1fddec91d67b5e9c2c5c7",
        "type": "github"
      },
      "original": {
        "owner": "MichaelAquilina",
        "repo": "zsh-you-should-use",
        "type": "github"
      }
    }
  },
  "root": "root",
  "version": 7
}
