{
  "nodes": {
    "base16-rofi": {
      "flake": false,
      "locked": {
        "lastModified": 1573671723,
        "narHash": "sha256-wqtfXfFdzgVTxYLEpUOmNRo7uAvvzemAbK+xSJibL7k=",
        "owner": "0xdec",
        "repo": "base16-rofi",
        "rev": "afbc4b22d8f415dc89f36ee509ac35fb161c6df4",
        "type": "github"
      },
      "original": {
        "owner": "0xdec",
        "repo": "base16-rofi",
        "type": "github"
      }
    },
    "emacs": {
      "locked": {
        "lastModified": 1625074071,
        "narHash": "sha256-OmX0h67MESv5OSeMwbP3DlF3e158y0h4QCbxmvoLKh0=",
        "owner": "nix-community",
        "repo": "emacs-overlay",
        "rev": "5c598ed5f499f80d3d376dde528ae8c41458d721",
        "type": "github"
      },
      "original": {
        "owner": "nix-community",
        "repo": "emacs-overlay",
        "type": "github"
      }
    },
    "emacs-bookmark-view": {
      "flake": false,
      "locked": {
        "lastModified": 1622751628,
        "narHash": "sha256-01pu8ixDxRs7zYcOJXyEyjctHpkElKyeV4IYrRxopTo=",
        "owner": "minad",
        "repo": "bookmark-view",
        "rev": "6c78098ed574a5d710ffee24fb12e5fb182c8872",
        "type": "github"
      },
      "original": {
        "owner": "minad",
        "repo": "bookmark-view",
        "type": "github"
      }
    },
    "emacs-bruh": {
      "flake": false,
      "locked": {
        "lastModified": 1583761878,
        "narHash": "sha256-th6PVVcDttxKoFsjRiPz50rQ7o+K5O90OBAR4QdpIfY=",
        "owner": "a13",
        "repo": "bruh",
        "rev": "30eb2d966e66557e977d3cf943c71651c568771e",
        "type": "github"
      },
      "original": {
        "owner": "a13",
        "repo": "bruh",
        "type": "github"
      }
    },
    "emacs-consult-lsp": {
      "flake": false,
      "locked": {
        "lastModified": 1625053905,
        "narHash": "sha256-qeaNLkIGyY72Mr/NdX4rp7I4irhVLcE2xD3k39zyc/Y=",
        "owner": "gagbo",
        "repo": "consult-lsp",
        "rev": "e8a50f2c94f40c86934ca2eaff007f9c00586272",
        "type": "github"
      },
      "original": {
        "owner": "gagbo",
        "repo": "consult-lsp",
        "type": "github"
      }
    },
    "emacs-consult-projectile": {
      "flake": false,
      "locked": {
        "lastModified": 1620294714,
        "narHash": "sha256-tRQTU7ifwi9TOqRvExyy++SBApif/aVwFf0pL/5r/sE=",
        "owner": "OlMon",
        "repo": "consult-projectile",
        "rev": "b0bc25615c3dfb2e8c68791080539e6fdf112843",
        "type": "gitlab"
      },
      "original": {
        "owner": "OlMon",
        "repo": "consult-projectile",
        "type": "gitlab"
      }
    },
    "emacs-ob-go": {
      "flake": false,
      "locked": {
        "lastModified": 1549053642,
        "narHash": "sha256-fN3dFDUl9SF6CLJ8ikYmJ3BvRwpuqX/pZiftWH1LPBk=",
        "owner": "pope",
        "repo": "ob-go",
        "rev": "2067ed55f4c1d33a43cb3f6948609d240a8915f5",
        "type": "github"
      },
      "original": {
        "owner": "pope",
        "repo": "ob-go",
        "type": "github"
      }
    },
    "emacs-org-appear": {
      "flake": false,
      "locked": {
        "lastModified": 1624774361,
        "narHash": "sha256-AHV8Ru2jybsKB4EjH8kEuKZo19XhRZ0yfDE5jG0UcFw=",
        "owner": "awth13",
        "repo": "org-appear",
        "rev": "12056f697fce51958e7baf837d250341bd86194e",
        "type": "github"
      },
      "original": {
        "owner": "awth13",
        "repo": "org-appear",
        "type": "github"
      }
    },
    "git-extra-commands": {
      "flake": false,
      "locked": {
        "lastModified": 1622905996,
        "narHash": "sha256-jeLuBCoddbLbyCVn/tzGPoZSRlL85rw1h3+lpTvUYAM=",
        "owner": "unixorn",
        "repo": "git-extra-commands",
        "rev": "2ac3f09994c686aefc68b78994d36aae55ba3061",
        "type": "github"
      },
      "original": {
        "owner": "unixorn",
        "repo": "git-extra-commands",
        "type": "github"
      }
    },
    "home-manager": {
      "inputs": {
        "nixpkgs": "nixpkgs"
      },
      "locked": {
        "lastModified": 1625016439,
        "narHash": "sha256-zHf7iCU9nYd6/7xwYx5gwDzXdXcJ9RUagdy0IgX39sQ=",
        "owner": "nix-community",
        "repo": "home-manager",
        "rev": "9ad0024d4d292c628d4c9a50c2347f23418d7000",
        "type": "github"
      },
      "original": {
        "owner": "nix-community",
        "repo": "home-manager",
        "type": "github"
      }
    },
    "i3blocks-contrib": {
      "flake": false,
      "locked": {
        "lastModified": 1624310977,
        "narHash": "sha256-w+W+yMvACCdIUCyKzU3mohcYfMcHqxbXVOst03r68bA=",
        "owner": "vivien",
        "repo": "i3blocks-contrib",
        "rev": "7f601f8262f8d1e4dc8a9a86b6a7ee35ea7dfcf6",
        "type": "github"
      },
      "original": {
        "owner": "vivien",
        "repo": "i3blocks-contrib",
        "type": "github"
      }
    },
    "liquidprompt": {
      "flake": false,
      "locked": {
        "lastModified": 1624895737,
        "narHash": "sha256-aHU1F3GUVyKmSqDM41O/Y58LDbqr3zTjkNVQ3zgwAB4=",
        "owner": "nojhan",
        "repo": "liquidprompt",
        "rev": "cefbd3d4227ea52b9761fe2a8d1cebb9a619b832",
        "type": "github"
      },
      "original": {
        "owner": "nojhan",
        "repo": "liquidprompt",
        "type": "github"
      }
    },
    "nixos-artwork": {
      "flake": false,
      "locked": {
        "lastModified": 1620507262,
        "narHash": "sha256-M2fe4BnuqiGjL8XmVE8VsMdkjSGFyiyYF9PaVBmJNQ4=",
        "owner": "NixOS",
        "repo": "nixos-artwork",
        "rev": "f8b0cbdfb9caa56907d17695c56e65d6c8586348",
        "type": "github"
      },
      "original": {
        "owner": "NixOS",
        "repo": "nixos-artwork",
        "type": "github"
      }
    },
    "nixos-hardware": {
      "locked": {
        "lastModified": 1624713701,
        "narHash": "sha256-miYoO9/M+ZYlNPknRF9VYh6bQEQCPPz6lM0Pb60jbPk=",
        "owner": "NixOS",
        "repo": "nixos-hardware",
        "rev": "03c60a2db286bcd8ecfac9a8739c50626ca0fd8e",
        "type": "github"
      },
      "original": {
        "owner": "NixOS",
        "repo": "nixos-hardware",
        "type": "github"
      }
    },
    "nixpkgs": {
      "locked": {
        "lastModified": 1625078171,
        "narHash": "sha256-DS5LdF5rngUY81gV73feiyFdjFPRJrV+Go7e4KwIXb4=",
        "owner": "NixOS",
        "repo": "nixpkgs",
        "rev": "156b004a4e8014c84a209992f17d76a7e700d276",
        "type": "github"
      },
      "original": {
        "id": "nixpkgs",
        "type": "indirect"
      }
    },
    "nur": {
      "locked": {
        "lastModified": 1625252756,
        "narHash": "sha256-gestqannKxPaiNCoAVqnfQVa349tNRXCK4d+H7w/jGY=",
        "owner": "wiedzmin",
        "repo": "NUR",
        "rev": "97778ad1761139978bab7783c74854e63a2821d4",
        "type": "github"
      },
      "original": {
        "owner": "wiedzmin",
        "repo": "NUR",
        "type": "github"
      }
    },
    "pass-zsh-completion": {
      "flake": false,
      "locked": {
        "lastModified": 1504488473,
        "narHash": "sha256-KfZJ9XxZ8cBePcJPOAPQZ+f5kVUgLExDw/5QSduDA/0=",
        "owner": "ninrod",
        "repo": "pass-zsh-completion",
        "rev": "e4d8d2c27d8999307e8f34bf81b2e15df4b76177",
        "type": "github"
      },
      "original": {
        "owner": "ninrod",
        "repo": "pass-zsh-completion",
        "type": "github"
      }
    },
    "root": {
      "inputs": {
        "base16-rofi": "base16-rofi",
        "emacs": "emacs",
        "emacs-bookmark-view": "emacs-bookmark-view",
        "emacs-bruh": "emacs-bruh",
        "emacs-consult-lsp": "emacs-consult-lsp",
        "emacs-consult-projectile": "emacs-consult-projectile",
        "emacs-ob-go": "emacs-ob-go",
        "emacs-org-appear": "emacs-org-appear",
        "git-extra-commands": "git-extra-commands",
        "home-manager": "home-manager",
        "i3blocks-contrib": "i3blocks-contrib",
        "liquidprompt": "liquidprompt",
        "nixos-artwork": "nixos-artwork",
        "nixos-hardware": "nixos-hardware",
        "nur": "nur",
        "pass-zsh-completion": "pass-zsh-completion",
        "stable": "stable",
        "unstable": "unstable",
        "yasnippet-snippets": "yasnippet-snippets",
        "zsh-async": "zsh-async",
        "zsh-command-time": "zsh-command-time",
        "zsh-fuzzy-search-and-edit": "zsh-fuzzy-search-and-edit",
        "zsh-go-task-completions": "zsh-go-task-completions",
        "zsh-nix-shell": "zsh-nix-shell",
        "zsh-notify": "zsh-notify",
        "zsh-reentry-hook": "zsh-reentry-hook",
        "zsh-syntax-highlighting": "zsh-syntax-highlighting",
        "zsh-you-should-use": "zsh-you-should-use"
      }
    },
    "stable": {
      "locked": {
        "lastModified": 1620055814,
        "narHash": "sha256-8LEHoYSJiL901bTMVatq+rf8y7QtWuZhwwpKE2fyaRY=",
        "owner": "NixOS",
        "repo": "nixpkgs",
        "rev": "1db42b7fe3878f3f5f7a4f2dc210772fd080e205",
        "type": "github"
      },
      "original": {
        "owner": "NixOS",
        "ref": "nixos-20.03",
        "repo": "nixpkgs",
        "type": "github"
      }
    },
    "unstable": {
      "locked": {
        "lastModified": 1624922035,
        "narHash": "sha256-OiIxJQuMRkICxaUwY3xMBbrPPu20de/n7tVYnWzLvS4=",
        "owner": "nixos",
        "repo": "nixpkgs",
        "rev": "3a8d7958a610cd3fec3a6f424480f91a1b259185",
        "type": "github"
      },
      "original": {
        "owner": "nixos",
        "ref": "nixos-unstable",
        "repo": "nixpkgs",
        "type": "github"
      }
    },
    "yasnippet-snippets": {
      "flake": false,
      "locked": {
        "lastModified": 1608237645,
        "narHash": "sha256-zSzw6nhRlq/NZQBTjmeTXFzHMndZFGeLIfzx/Qe/LaI=",
        "owner": "wiedzmin",
        "repo": "yasnippet-snippets",
        "rev": "b4a2cbd794147eef62e8602925f3f1bdfa2c5dba",
        "type": "github"
      },
      "original": {
        "owner": "wiedzmin",
        "repo": "yasnippet-snippets",
        "type": "github"
      }
    },
    "zsh-async": {
      "flake": false,
      "locked": {
        "lastModified": 1614790055,
        "narHash": "sha256-7DFAu0Ts3tFb2LRipvT7JcBtjyIC/+Rd1FGokID5284=",
        "owner": "mafredri",
        "repo": "zsh-async",
        "rev": "a61239dd55028eec173374883809f439c93d292b",
        "type": "github"
      },
      "original": {
        "owner": "mafredri",
        "repo": "zsh-async",
        "type": "github"
      }
    },
    "zsh-command-time": {
      "flake": false,
      "locked": {
        "lastModified": 1605448670,
        "narHash": "sha256-ndHVFcz+XmUW0zwFq7pBXygdRKyPLjDZNmTelhd5bv8=",
        "owner": "popstas",
        "repo": "zsh-command-time",
        "rev": "803d26eef526bff1494d1a584e46a6e08d25d918",
        "type": "github"
      },
      "original": {
        "owner": "popstas",
        "repo": "zsh-command-time",
        "type": "github"
      }
    },
    "zsh-fuzzy-search-and-edit": {
      "flake": false,
      "locked": {
        "lastModified": 1576844428,
        "narHash": "sha256-4inWHmr2t3140fJjA69sjD4QmHR8RjLUzWPRD2EstAA=",
        "owner": "seletskiy",
        "repo": "zsh-fuzzy-search-and-edit",
        "rev": "bd4182bd81b176fedd8fa13c62e2c6662390e025",
        "type": "github"
      },
      "original": {
        "owner": "seletskiy",
        "repo": "zsh-fuzzy-search-and-edit",
        "type": "github"
      }
    },
    "zsh-go-task-completions": {
      "flake": false,
      "locked": {
        "lastModified": 1602330432,
        "narHash": "sha256-9qHaIkaa6tDzkTcbJQOkt6D5sPenb2qen151XxWkXtk=",
        "owner": "sawadashota",
        "repo": "go-task-completions",
        "rev": "1316c50399011d22ca0f01de1ea9121fcf287309",
        "type": "github"
      },
      "original": {
        "owner": "sawadashota",
        "repo": "go-task-completions",
        "type": "github"
      }
    },
    "zsh-nix-shell": {
      "flake": false,
      "locked": {
        "lastModified": 1619787649,
        "narHash": "sha256-cml+xyVPGTKh9gG+XRroouLc1AGWfWsBpzjtZMj4MDw=",
        "owner": "chisui",
        "repo": "zsh-nix-shell",
        "rev": "a2139b32fc1429160fc40658c9e16177c20597fc",
        "type": "github"
      },
      "original": {
        "owner": "chisui",
        "repo": "zsh-nix-shell",
        "type": "github"
      }
    },
    "zsh-notify": {
      "flake": false,
      "locked": {
        "lastModified": 1619162097,
        "narHash": "sha256-rgn+XqAKL9B0gmuqqYnMunx/2fXEXvAZE/JPYuRr4Nw=",
        "owner": "marzocchi",
        "repo": "zsh-notify",
        "rev": "eb389765cb1bd3358e88ac31939ef2edfd539825",
        "type": "github"
      },
      "original": {
        "owner": "marzocchi",
        "repo": "zsh-notify",
        "type": "github"
      }
    },
    "zsh-reentry-hook": {
      "flake": false,
      "locked": {
        "lastModified": 1459772947,
        "narHash": "sha256-KgRXUdEbhOOGOFr1T7834LWE4f4kEL6P67sAXl+w8ck=",
        "owner": "RobSis",
        "repo": "zsh-reentry-hook",
        "rev": "8587186df8f08b8a57ae7f87ab0bc7d503909031",
        "type": "github"
      },
      "original": {
        "owner": "RobSis",
        "repo": "zsh-reentry-hook",
        "type": "github"
      }
    },
    "zsh-syntax-highlighting": {
      "flake": false,
      "locked": {
        "lastModified": 1624939351,
        "narHash": "sha256-Y8vjtYo63yawcNy9bA9Vch4AfwBzRpyXlLPC7srvrMY=",
        "owner": "zsh-users",
        "repo": "zsh-syntax-highlighting",
        "rev": "f0e6a8ef5c90ff3e1e9516df666e36e02d0f362d",
        "type": "github"
      },
      "original": {
        "owner": "zsh-users",
        "repo": "zsh-syntax-highlighting",
        "type": "github"
      }
    },
    "zsh-you-should-use": {
      "flake": false,
      "locked": {
        "lastModified": 1594759444,
        "narHash": "sha256-WCltJcamURZymBegL+wNjRBzZWy1OblWY6CcKU0rAS8=",
        "owner": "MichaelAquilina",
        "repo": "zsh-you-should-use",
        "rev": "b4aec740f23d195116d1fddec91d67b5e9c2c5c7",
        "type": "github"
      },
      "original": {
        "owner": "MichaelAquilina",
        "repo": "zsh-you-should-use",
        "type": "github"
      }
    }
  },
  "root": "root",
  "version": 7
}
