{
  "nodes": {
    "devenv-src": {
      "inputs": {
        "flake-compat": "flake-compat",
        "nix": "nix",
        "nixpkgs": "nixpkgs",
        "pre-commit-hooks": "pre-commit-hooks"
      },
      "locked": {
        "lastModified": 1676887040,
        "narHash": "sha256-uoVTzwuh2V0xJ+QKn3FTLk8kxOqsR8EUTHyh+rcO8Xc=",
        "owner": "cachix",
        "repo": "devenv",
        "rev": "66b895f6643912b25ae4be359b3839f3b2aa794a",
        "type": "github"
      },
      "original": {
        "owner": "cachix",
        "repo": "devenv",
        "type": "github"
      }
    },
    "emacs": {
      "inputs": {
        "flake-utils": "flake-utils_2",
        "nixpkgs": "nixpkgs_2"
      },
      "locked": {
        "lastModified": 1676884243,
        "narHash": "sha256-OHwZKq2slEpwLW6rI5pu4VrpoNch99AXzYD9XnT/UF0=",
        "owner": "nix-community",
        "repo": "emacs-overlay",
        "rev": "2b807c388a5600d9f4e98f743306834de5dd03a5",
        "type": "github"
      },
      "original": {
        "owner": "nix-community",
        "repo": "emacs-overlay",
        "type": "github"
      }
    },
    "emacs-highlight-sexp": {
      "flake": false,
      "locked": {
        "lastModified": 1402451840,
        "narHash": "sha256-6XhhfKVTcU6VPa5MZqXMN9x2nmKBTw8FU+SaV7CYnok=",
        "owner": "daimrod",
        "repo": "highlight-sexp",
        "rev": "403f32f76b6524fe6eac967b559a5fcc64901f7a",
        "type": "github"
      },
      "original": {
        "owner": "daimrod",
        "repo": "highlight-sexp",
        "type": "github"
      }
    },
    "emacs-org-bars": {
      "flake": false,
      "locked": {
        "lastModified": 1636641457,
        "narHash": "sha256-jmczXCAqRUwGLinaC5PF2PT70U+cDTPuxlUCbdAyA9I=",
        "owner": "tonyaldon",
        "repo": "org-bars",
        "rev": "59ff8976ce789c0c594fd4756cbeb5354b6178d2",
        "type": "github"
      },
      "original": {
        "owner": "tonyaldon",
        "repo": "org-bars",
        "type": "github"
      }
    },
    "flake-compat": {
      "flake": false,
      "locked": {
        "lastModified": 1673956053,
        "narHash": "sha256-4gtG9iQuiKITOjNQQeQIpoIB6b16fm+504Ch3sNKLd8=",
        "owner": "edolstra",
        "repo": "flake-compat",
        "rev": "35bb57c0c8d8b62bbfd284272c928ceb64ddbde9",
        "type": "github"
      },
      "original": {
        "owner": "edolstra",
        "repo": "flake-compat",
        "type": "github"
      }
    },
    "flake-utils": {
      "locked": {
        "lastModified": 1667395993,
        "narHash": "sha256-nuEHfE/LcWyuSWnS8t12N1wc105Qtau+/OdUAjtQ0rA=",
        "owner": "numtide",
        "repo": "flake-utils",
        "rev": "5aed5285a952e0b949eb3ba02c12fa4fcfef535f",
        "type": "github"
      },
      "original": {
        "owner": "numtide",
        "repo": "flake-utils",
        "type": "github"
      }
    },
    "flake-utils_2": {
      "locked": {
        "lastModified": 1667395993,
        "narHash": "sha256-nuEHfE/LcWyuSWnS8t12N1wc105Qtau+/OdUAjtQ0rA=",
        "owner": "numtide",
        "repo": "flake-utils",
        "rev": "5aed5285a952e0b949eb3ba02c12fa4fcfef535f",
        "type": "github"
      },
      "original": {
        "owner": "numtide",
        "repo": "flake-utils",
        "type": "github"
      }
    },
    "git-extra-commands": {
      "flake": false,
      "locked": {
        "lastModified": 1676559406,
        "narHash": "sha256-0NL2NK1PJwRzv8f+nVidNIgRVWAdiGqMKn06/ETkkYk=",
        "owner": "unixorn",
        "repo": "git-extra-commands",
        "rev": "2984a3598afe7d07289d4d5e68d3eec747834e0a",
        "type": "github"
      },
      "original": {
        "owner": "unixorn",
        "repo": "git-extra-commands",
        "type": "github"
      }
    },
    "gitignore": {
      "inputs": {
        "nixpkgs": [
          "devenv-src",
          "pre-commit-hooks",
          "nixpkgs"
        ]
      },
      "locked": {
        "lastModified": 1660459072,
        "narHash": "sha256-8DFJjXG8zqoONA1vXtgeKXy68KdJL5UaXR8NtVMUbx8=",
        "owner": "hercules-ci",
        "repo": "gitignore.nix",
        "rev": "a20de23b925fd8264fd7fad6454652e142fd7f73",
        "type": "github"
      },
      "original": {
        "owner": "hercules-ci",
        "repo": "gitignore.nix",
        "type": "github"
      }
    },
    "home-manager": {
      "inputs": {
        "nixpkgs": "nixpkgs_3",
        "utils": "utils"
      },
      "locked": {
        "lastModified": 1676892629,
        "narHash": "sha256-rlvsqoSBO5dCwfnn7xvImYREidIPJaiFS3b54TZF4pU=",
        "owner": "nix-community",
        "repo": "home-manager",
        "rev": "72ce74d3eae78a6b31538ea7ebe0c1fcf4a10f7a",
        "type": "github"
      },
      "original": {
        "owner": "nix-community",
        "repo": "home-manager",
        "type": "github"
      }
    },
    "i3blocks-contrib": {
      "flake": false,
      "locked": {
        "lastModified": 1670390867,
        "narHash": "sha256-z7bLhDex8qCPBX73Umpg47VB4csxr2p6VMIyf/cjCdw=",
        "owner": "vivien",
        "repo": "i3blocks-contrib",
        "rev": "fc2c10551c32558be44226c6924d64bae611e32c",
        "type": "github"
      },
      "original": {
        "owner": "vivien",
        "repo": "i3blocks-contrib",
        "type": "github"
      }
    },
    "kitty-grab": {
      "flake": false,
      "locked": {
        "lastModified": 1664129559,
        "narHash": "sha256-vHGb/ccfEXifJBQzDdwsMDUrXILtFwkvxzEZp+qbFZ0=",
        "owner": "yurikhan",
        "repo": "kitty_grab",
        "rev": "1768dabaeaab9bb84871ca9246f1f1b767ab8095",
        "type": "github"
      },
      "original": {
        "owner": "yurikhan",
        "repo": "kitty_grab",
        "type": "github"
      }
    },
    "kitty-search": {
      "flake": false,
      "locked": {
        "lastModified": 1675366825,
        "narHash": "sha256-egisza7V5dWplRYHIYt4bEQdqXa4E7UhibyWJAup8as=",
        "owner": "trygveaa",
        "repo": "kitty-kitten-search",
        "rev": "0760138fad617c5e4159403cbfce8421ccdfe571",
        "type": "github"
      },
      "original": {
        "owner": "trygveaa",
        "repo": "kitty-kitten-search",
        "type": "github"
      }
    },
    "liquidprompt": {
      "flake": false,
      "locked": {
        "lastModified": 1672078972,
        "narHash": "sha256-AiBXjApp67i4t7GyDAAJBVP1q5cydcog08BG2OJ1y70=",
        "owner": "nojhan",
        "repo": "liquidprompt",
        "rev": "6c403a01704867fc45a2558ab1d7abbf109ea57b",
        "type": "github"
      },
      "original": {
        "owner": "nojhan",
        "repo": "liquidprompt",
        "type": "github"
      }
    },
    "lowdown-src": {
      "flake": false,
      "locked": {
        "lastModified": 1633514407,
        "narHash": "sha256-Dw32tiMjdK9t3ETl5fzGrutQTzh2rufgZV4A/BbxuD4=",
        "owner": "kristapsdz",
        "repo": "lowdown",
        "rev": "d2c2b44ff6c27b936ec27358a2653caaef8f73b8",
        "type": "github"
      },
      "original": {
        "owner": "kristapsdz",
        "repo": "lowdown",
        "type": "github"
      }
    },
    "nix": {
      "inputs": {
        "lowdown-src": "lowdown-src",
        "nixpkgs": [
          "devenv-src",
          "nixpkgs"
        ],
        "nixpkgs-regression": "nixpkgs-regression"
      },
      "locked": {
        "lastModified": 1676545802,
        "narHash": "sha256-EK4rZ+Hd5hsvXnzSzk2ikhStJnD63odF7SzsQ8CuSPU=",
        "owner": "domenkozar",
        "repo": "nix",
        "rev": "7c91803598ffbcfe4a55c44ac6d49b2cf07a527f",
        "type": "github"
      },
      "original": {
        "owner": "domenkozar",
        "ref": "relaxed-flakes",
        "repo": "nix",
        "type": "github"
      }
    },
    "nix-zsh-completions": {
      "flake": false,
      "locked": {
        "lastModified": 1675042156,
        "narHash": "sha256-aXetjkl5nPuYHHyuX59ywXF+4Xg+PUCV6Y2u+g18gEk=",
        "owner": "spwhitt",
        "repo": "nix-zsh-completions",
        "rev": "6a1bfc024481bdba568f2ced65e02f3a359a7692",
        "type": "github"
      },
      "original": {
        "owner": "spwhitt",
        "repo": "nix-zsh-completions",
        "type": "github"
      }
    },
    "nixos-artwork": {
      "flake": false,
      "locked": {
        "lastModified": 1668870925,
        "narHash": "sha256-nZsD+UatjDBEihZewZOkaAigBHyy6cw8VkGxvbNcaeA=",
        "owner": "NixOS",
        "repo": "nixos-artwork",
        "rev": "c1dc75611042b57a385c80495d3728724c35cfee",
        "type": "github"
      },
      "original": {
        "owner": "NixOS",
        "repo": "nixos-artwork",
        "type": "github"
      }
    },
    "nixos-hardware": {
      "locked": {
        "lastModified": 1676886000,
        "narHash": "sha256-t7nxEvJb4ISR7u54YADZiZi9EaKHJKbXQjyyf00Q8TA=",
        "owner": "NixOS",
        "repo": "nixos-hardware",
        "rev": "26c9dbdc92abc370510be78889942f38a272d705",
        "type": "github"
      },
      "original": {
        "owner": "NixOS",
        "repo": "nixos-hardware",
        "type": "github"
      }
    },
    "nixpkgs": {
      "locked": {
        "lastModified": 1676549890,
        "narHash": "sha256-sq/WcOEAl7gWrrfGkWdnyYazRyTf+enEim/o6LOQzI8=",
        "owner": "NixOS",
        "repo": "nixpkgs",
        "rev": "8c66bd1b68f4708c90dcc97c6f7052a5a7b33257",
        "type": "github"
      },
      "original": {
        "owner": "NixOS",
        "ref": "nixpkgs-unstable",
        "repo": "nixpkgs",
        "type": "github"
      }
    },
    "nixpkgs-last-unbroken": {
      "locked": {
        "lastModified": 1673540789,
        "narHash": "sha256-xqnxBOK3qctIeUVxecydrEDbEXjsvHCPGPbvsl63M/U=",
        "owner": "nixos",
        "repo": "nixpkgs",
        "rev": "0f213d0fee84280d8c3a97f7469b988d6fe5fcdf",
        "type": "github"
      },
      "original": {
        "owner": "nixos",
        "repo": "nixpkgs",
        "rev": "0f213d0fee84280d8c3a97f7469b988d6fe5fcdf",
        "type": "github"
      }
    },
    "nixpkgs-regression": {
      "locked": {
        "lastModified": 1643052045,
        "narHash": "sha256-uGJ0VXIhWKGXxkeNnq4TvV3CIOkUJ3PAoLZ3HMzNVMw=",
        "owner": "NixOS",
        "repo": "nixpkgs",
        "rev": "215d4d0fd80ca5163643b03a33fde804a29cc1e2",
        "type": "github"
      },
      "original": {
        "owner": "NixOS",
        "repo": "nixpkgs",
        "rev": "215d4d0fd80ca5163643b03a33fde804a29cc1e2",
        "type": "github"
      }
    },
    "nixpkgs-stable": {
      "locked": {
        "lastModified": 1673800717,
        "narHash": "sha256-SFHraUqLSu5cC6IxTprex/nTsI81ZQAtDvlBvGDWfnA=",
        "owner": "NixOS",
        "repo": "nixpkgs",
        "rev": "2f9fd351ec37f5d479556cd48be4ca340da59b8f",
        "type": "github"
      },
      "original": {
        "owner": "NixOS",
        "ref": "nixos-22.11",
        "repo": "nixpkgs",
        "type": "github"
      }
    },
    "nixpkgs_2": {
      "locked": {
        "lastModified": 1673540789,
        "narHash": "sha256-xqnxBOK3qctIeUVxecydrEDbEXjsvHCPGPbvsl63M/U=",
        "owner": "NixOS",
        "repo": "nixpkgs",
        "rev": "0f213d0fee84280d8c3a97f7469b988d6fe5fcdf",
        "type": "github"
      },
      "original": {
        "owner": "NixOS",
        "ref": "nixos-unstable",
        "repo": "nixpkgs",
        "type": "github"
      }
    },
    "nixpkgs_3": {
      "locked": {
        "lastModified": 1675115703,
        "narHash": "sha256-4zetAPSyY0D77x+Ww9QBe8RHn1akvIvHJ/kgg8kGDbk=",
        "owner": "nixos",
        "repo": "nixpkgs",
        "rev": "2caf4ef5005ecc68141ecb4aac271079f7371c44",
        "type": "github"
      },
      "original": {
        "owner": "nixos",
        "ref": "nixos-unstable",
        "repo": "nixpkgs",
        "type": "github"
      }
    },
    "nur": {
      "locked": {
        "lastModified": 1676397362,
        "narHash": "sha256-DELTENNizY1VgD+9SmikgeCvUkije+4jJOmoYVuTU9k=",
        "owner": "wiedzmin",
        "repo": "NUR",
        "rev": "c219724b268210912c2feae9aa93b6ede5850b3b",
        "type": "github"
      },
      "original": {
        "owner": "wiedzmin",
        "repo": "NUR",
        "type": "github"
      }
    },
    "pass-zsh-completion": {
      "flake": false,
      "locked": {
        "lastModified": 1504488473,
        "narHash": "sha256-KfZJ9XxZ8cBePcJPOAPQZ+f5kVUgLExDw/5QSduDA/0=",
        "owner": "ninrod",
        "repo": "pass-zsh-completion",
        "rev": "e4d8d2c27d8999307e8f34bf81b2e15df4b76177",
        "type": "github"
      },
      "original": {
        "owner": "ninrod",
        "repo": "pass-zsh-completion",
        "type": "github"
      }
    },
    "pre-commit-hooks": {
      "inputs": {
        "flake-compat": [
          "devenv-src",
          "flake-compat"
        ],
        "flake-utils": "flake-utils",
        "gitignore": "gitignore",
        "nixpkgs": [
          "devenv-src",
          "nixpkgs"
        ],
        "nixpkgs-stable": "nixpkgs-stable"
      },
      "locked": {
        "lastModified": 1676513100,
        "narHash": "sha256-MK39nQV86L2ag4TmcK5/+r1ULpzRLPbbfvWbPvIoYJE=",
        "owner": "cachix",
        "repo": "pre-commit-hooks.nix",
        "rev": "5f0cba88ac4d6dd8cad5c6f6f1540b3d6a21a798",
        "type": "github"
      },
      "original": {
        "owner": "cachix",
        "repo": "pre-commit-hooks.nix",
        "type": "github"
      }
    },
    "root": {
      "inputs": {
        "devenv-src": "devenv-src",
        "emacs": "emacs",
        "emacs-highlight-sexp": "emacs-highlight-sexp",
        "emacs-org-bars": "emacs-org-bars",
        "git-extra-commands": "git-extra-commands",
        "home-manager": "home-manager",
        "i3blocks-contrib": "i3blocks-contrib",
        "kitty-grab": "kitty-grab",
        "kitty-search": "kitty-search",
        "liquidprompt": "liquidprompt",
        "nix-zsh-completions": "nix-zsh-completions",
        "nixos-artwork": "nixos-artwork",
        "nixos-hardware": "nixos-hardware",
        "nixpkgs-last-unbroken": "nixpkgs-last-unbroken",
        "nur": "nur",
        "pass-zsh-completion": "pass-zsh-completion",
        "unstable": "unstable",
        "yasnippet-snippets": "yasnippet-snippets",
        "zsh-async": "zsh-async",
        "zsh-autocomplete": "zsh-autocomplete",
        "zsh-command-time": "zsh-command-time",
        "zsh-fuzzy-search-and-edit": "zsh-fuzzy-search-and-edit",
        "zsh-nix-shell": "zsh-nix-shell",
        "zsh-reentry-hook": "zsh-reentry-hook",
        "zsh-syntax-highlighting": "zsh-syntax-highlighting",
        "zsh-you-should-use": "zsh-you-should-use"
      }
    },
    "unstable": {
      "locked": {
        "lastModified": 1676721149,
        "narHash": "sha256-mN2EpTGxxVNnFZLoLWRwh6f7UWhXy4qE+wO2CZyrXps=",
        "owner": "nixos",
        "repo": "nixpkgs",
        "rev": "5f4e07deb7c44f27d498f8df9c5f34750acf52d2",
        "type": "github"
      },
      "original": {
        "owner": "nixos",
        "ref": "nixos-unstable",
        "repo": "nixpkgs",
        "type": "github"
      }
    },
    "utils": {
      "locked": {
        "lastModified": 1667395993,
        "narHash": "sha256-nuEHfE/LcWyuSWnS8t12N1wc105Qtau+/OdUAjtQ0rA=",
        "owner": "numtide",
        "repo": "flake-utils",
        "rev": "5aed5285a952e0b949eb3ba02c12fa4fcfef535f",
        "type": "github"
      },
      "original": {
        "owner": "numtide",
        "repo": "flake-utils",
        "type": "github"
      }
    },
    "yasnippet-snippets": {
      "flake": false,
      "locked": {
        "lastModified": 1675180403,
        "narHash": "sha256-6jxikpHcm1lFGlyQBBqjrt78YBfBYLCAAxSwxQG6sgA=",
        "owner": "wiedzmin",
        "repo": "yasnippet-snippets",
        "rev": "0b03e4d204739fb394e8740d216e350b448ce715",
        "type": "github"
      },
      "original": {
        "owner": "wiedzmin",
        "repo": "yasnippet-snippets",
        "type": "github"
      }
    },
    "zsh-async": {
      "flake": false,
      "locked": {
        "lastModified": 1672955751,
        "narHash": "sha256-mkTmgSnfoZlTaOPhw0Y0yG1BkZv+oTo/eEisZZTN5nM=",
        "owner": "mafredri",
        "repo": "zsh-async",
        "rev": "ee1d11b68c38dec24c22b1c51a45e8a815a79756",
        "type": "github"
      },
      "original": {
        "owner": "mafredri",
        "repo": "zsh-async",
        "type": "github"
      }
    },
    "zsh-autocomplete": {
      "flake": false,
      "locked": {
        "lastModified": 1675626778,
        "narHash": "sha256-+w9+d7cYmPBdnqWgooh+OmscavB9JL7dVqOQyj8jJ7E=",
        "owner": "marlonrichert",
        "repo": "zsh-autocomplete",
        "rev": "5cc9da132e7535a540fb1235ce27fd5a233d4f0e",
        "type": "github"
      },
      "original": {
        "owner": "marlonrichert",
        "repo": "zsh-autocomplete",
        "type": "github"
      }
    },
    "zsh-command-time": {
      "flake": false,
      "locked": {
        "lastModified": 1605448670,
        "narHash": "sha256-ndHVFcz+XmUW0zwFq7pBXygdRKyPLjDZNmTelhd5bv8=",
        "owner": "popstas",
        "repo": "zsh-command-time",
        "rev": "803d26eef526bff1494d1a584e46a6e08d25d918",
        "type": "github"
      },
      "original": {
        "owner": "popstas",
        "repo": "zsh-command-time",
        "type": "github"
      }
    },
    "zsh-fuzzy-search-and-edit": {
      "flake": false,
      "locked": {
        "lastModified": 1576844428,
        "narHash": "sha256-4inWHmr2t3140fJjA69sjD4QmHR8RjLUzWPRD2EstAA=",
        "owner": "seletskiy",
        "repo": "zsh-fuzzy-search-and-edit",
        "rev": "bd4182bd81b176fedd8fa13c62e2c6662390e025",
        "type": "github"
      },
      "original": {
        "owner": "seletskiy",
        "repo": "zsh-fuzzy-search-and-edit",
        "type": "github"
      }
    },
    "zsh-nix-shell": {
      "flake": false,
      "locked": {
        "lastModified": 1648749800,
        "narHash": "sha256-BjgMhILEL/qdgfno4LR64LSB8n9pC9R+gG7IQWwgyfQ=",
        "owner": "chisui",
        "repo": "zsh-nix-shell",
        "rev": "af6f8a266ea1875b9a3e86e14796cadbe1cfbf08",
        "type": "github"
      },
      "original": {
        "owner": "chisui",
        "repo": "zsh-nix-shell",
        "type": "github"
      }
    },
    "zsh-reentry-hook": {
      "flake": false,
      "locked": {
        "lastModified": 1459772947,
        "narHash": "sha256-KgRXUdEbhOOGOFr1T7834LWE4f4kEL6P67sAXl+w8ck=",
        "owner": "RobSis",
        "repo": "zsh-reentry-hook",
        "rev": "8587186df8f08b8a57ae7f87ab0bc7d503909031",
        "type": "github"
      },
      "original": {
        "owner": "RobSis",
        "repo": "zsh-reentry-hook",
        "type": "github"
      }
    },
    "zsh-syntax-highlighting": {
      "flake": false,
      "locked": {
        "lastModified": 1675586974,
        "narHash": "sha256-kWgPe7QJljERzcv4bYbHteNJIxCehaTu4xU9r64gUM4=",
        "owner": "zsh-users",
        "repo": "zsh-syntax-highlighting",
        "rev": "754cefe0181a7acd42fdcb357a67d0217291ac47",
        "type": "github"
      },
      "original": {
        "owner": "zsh-users",
        "repo": "zsh-syntax-highlighting",
        "type": "github"
      }
    },
    "zsh-you-should-use": {
      "flake": false,
      "locked": {
        "lastModified": 1674730812,
        "narHash": "sha256-uUQ8E7CcjgBMPhdP6iA/PI5X+4SUr+/FpTrxckiob9Q=",
        "owner": "MichaelAquilina",
        "repo": "zsh-you-should-use",
        "rev": "c062be916d0307fd851023c7afdbf7894b6667b6",
        "type": "github"
      },
      "original": {
        "owner": "MichaelAquilina",
        "repo": "zsh-you-should-use",
        "type": "github"
      }
    }
  },
  "root": "root",
  "version": 7
}
